
Microsoft Visual Studio Solution File, Format Version 12.00
# Visual Studio 14
VisualStudioVersion = 14.0.23107.0
MinimumVisualStudioVersion = 10.0.40219.1
Project("{8BC9CEB8-8B4A-11D0-8D11-00A0C91BC942}") = "vcproj", "vcproj.vcxproj", "{4AD10970-3AC4-4864-BE3B-BEAAA980A0A1}"
EndProject
Project("{8BC9CEB8-8B4A-11D0-8D11-00A0C91BC942}") = "cinder", "..\..\ext\Cinder\proj\vc2013\cinder.vcxproj", "{92B5BE70-DCAA-40E4-92D8-CC2B95AA28BE}"
EndProject
Project("{8BC9CEB8-8B4A-11D0-8D11-00A0C91BC942}") = "Bullet3Collision", "..\..\ext\bullet3\vc14\src\Bullet3Collision\Bullet3Collision.vcxproj", "{5EDBA147-3D62-3C2E-AD51-F0C488433061}"
EndProject
Project("{8BC9CEB8-8B4A-11D0-8D11-00A0C91BC942}") = "Bullet3Common", "..\..\ext\bullet3\vc14\src\Bullet3Common\Bullet3Common.vcxproj", "{C2BDD5CC-9F6D-331A-9DBA-8A67CA2E3A3C}"
EndProject
Project("{8BC9CEB8-8B4A-11D0-8D11-00A0C91BC942}") = "Bullet3Dynamics", "..\..\ext\bullet3\vc14\src\Bullet3Dynamics\Bullet3Dynamics.vcxproj", "{EFBF6F10-FABF-3765-AFC4-77079E0715B7}"
EndProject
Project("{8BC9CEB8-8B4A-11D0-8D11-00A0C91BC942}") = "Bullet3Geometry", "..\..\ext\bullet3\vc14\src\Bullet3Geometry\Bullet3Geometry.vcxproj", "{3129A2A8-9FE8-30EC-B1EB-7BB32B1DBB3C}"
EndProject
Project("{8BC9CEB8-8B4A-11D0-8D11-00A0C91BC942}") = "Bullet2FileLoader", "..\..\ext\bullet3\vc14\src\Bullet3Serialize\Bullet2FileLoader\Bullet2FileLoader.vcxproj", "{E3BFC625-B09D-35FC-AB11-9A3FA9886BE7}"
EndProject
Project("{8BC9CEB8-8B4A-11D0-8D11-00A0C91BC942}") = "BulletCollision", "..\..\ext\bullet3\vc14\src\BulletCollision\BulletCollision.vcxproj", "{A4DB3176-CA15-364E-9773-DF9D3EDA2656}"
EndProject
Project("{8BC9CEB8-8B4A-11D0-8D11-00A0C91BC942}") = "BulletDynamics", "..\..\ext\bullet3\vc14\src\BulletDynamics\BulletDynamics.vcxproj", "{B4F0B1EA-3EEF-3217-A577-58161F0727D6}"
EndProject
Project("{8BC9CEB8-8B4A-11D0-8D11-00A0C91BC942}") = "BulletInverseDynamics", "..\..\ext\bullet3\vc14\src\BulletInverseDynamics\BulletInverseDynamics.vcxproj", "{6E58CF87-AF9F-3913-8722-01F687E5CA53}"
EndProject
Project("{8BC9CEB8-8B4A-11D0-8D11-00A0C91BC942}") = "LinearMath", "..\..\ext\bullet3\vc14\src\LinearMath\LinearMath.vcxproj", "{D713EBF9-4855-3C53-9454-4F9E90190520}"
EndProject
Global
	GlobalSection(SolutionConfigurationPlatforms) = preSolution
		Debug_ANGLE|x64 = Debug_ANGLE|x64
		Debug_ANGLE|x86 = Debug_ANGLE|x86
		Debug|x64 = Debug|x64
		Debug|x86 = Debug|x86
		MinSizeRel|x64 = MinSizeRel|x64
		MinSizeRel|x86 = MinSizeRel|x86
		Release_ANGLE|x64 = Release_ANGLE|x64
		Release_ANGLE|x86 = Release_ANGLE|x86
		Release|x64 = Release|x64
		Release|x86 = Release|x86
		RelWithDebInfo|x64 = RelWithDebInfo|x64
		RelWithDebInfo|x86 = RelWithDebInfo|x86
	EndGlobalSection
	GlobalSection(ProjectConfigurationPlatforms) = postSolution
		{4AD10970-3AC4-4864-BE3B-BEAAA980A0A1}.Debug_ANGLE|x64.ActiveCfg = Debug|x64
		{4AD10970-3AC4-4864-BE3B-BEAAA980A0A1}.Debug_ANGLE|x64.Build.0 = Debug|x64
		{4AD10970-3AC4-4864-BE3B-BEAAA980A0A1}.Debug_ANGLE|x86.ActiveCfg = Debug|Win32
		{4AD10970-3AC4-4864-BE3B-BEAAA980A0A1}.Debug_ANGLE|x86.Build.0 = Debug|Win32
		{4AD10970-3AC4-4864-BE3B-BEAAA980A0A1}.Debug|x64.ActiveCfg = Debug|x64
		{4AD10970-3AC4-4864-BE3B-BEAAA980A0A1}.Debug|x64.Build.0 = Debug|x64
		{4AD10970-3AC4-4864-BE3B-BEAAA980A0A1}.Debug|x86.ActiveCfg = Debug|Win32
		{4AD10970-3AC4-4864-BE3B-BEAAA980A0A1}.Debug|x86.Build.0 = Debug|Win32
		{4AD10970-3AC4-4864-BE3B-BEAAA980A0A1}.MinSizeRel|x64.ActiveCfg = Release|x64
		{4AD10970-3AC4-4864-BE3B-BEAAA980A0A1}.MinSizeRel|x64.Build.0 = Release|x64
		{4AD10970-3AC4-4864-BE3B-BEAAA980A0A1}.MinSizeRel|x86.ActiveCfg = Release|Win32
		{4AD10970-3AC4-4864-BE3B-BEAAA980A0A1}.MinSizeRel|x86.Build.0 = Release|Win32
		{4AD10970-3AC4-4864-BE3B-BEAAA980A0A1}.Release_ANGLE|x64.ActiveCfg = Release|x64
		{4AD10970-3AC4-4864-BE3B-BEAAA980A0A1}.Release_ANGLE|x64.Build.0 = Release|x64
		{4AD10970-3AC4-4864-BE3B-BEAAA980A0A1}.Release_ANGLE|x86.ActiveCfg = Release|Win32
		{4AD10970-3AC4-4864-BE3B-BEAAA980A0A1}.Release_ANGLE|x86.Build.0 = Release|Win32
		{4AD10970-3AC4-4864-BE3B-BEAAA980A0A1}.Release|x64.ActiveCfg = Release|x64
		{4AD10970-3AC4-4864-BE3B-BEAAA980A0A1}.Release|x64.Build.0 = Release|x64
		{4AD10970-3AC4-4864-BE3B-BEAAA980A0A1}.Release|x86.ActiveCfg = Release|Win32
		{4AD10970-3AC4-4864-BE3B-BEAAA980A0A1}.Release|x86.Build.0 = Release|Win32
		{4AD10970-3AC4-4864-BE3B-BEAAA980A0A1}.RelWithDebInfo|x64.ActiveCfg = Release|x64
		{4AD10970-3AC4-4864-BE3B-BEAAA980A0A1}.RelWithDebInfo|x64.Build.0 = Release|x64
		{4AD10970-3AC4-4864-BE3B-BEAAA980A0A1}.RelWithDebInfo|x86.ActiveCfg = Release|Win32
		{4AD10970-3AC4-4864-BE3B-BEAAA980A0A1}.RelWithDebInfo|x86.Build.0 = Release|Win32
		{92B5BE70-DCAA-40E4-92D8-CC2B95AA28BE}.Debug_ANGLE|x64.ActiveCfg = Debug_ANGLE|x64
		{92B5BE70-DCAA-40E4-92D8-CC2B95AA28BE}.Debug_ANGLE|x64.Build.0 = Debug_ANGLE|x64
		{92B5BE70-DCAA-40E4-92D8-CC2B95AA28BE}.Debug_ANGLE|x86.ActiveCfg = Debug_ANGLE|Win32
		{92B5BE70-DCAA-40E4-92D8-CC2B95AA28BE}.Debug_ANGLE|x86.Build.0 = Debug_ANGLE|Win32
		{92B5BE70-DCAA-40E4-92D8-CC2B95AA28BE}.Debug|x64.ActiveCfg = Debug|x64
		{92B5BE70-DCAA-40E4-92D8-CC2B95AA28BE}.Debug|x64.Build.0 = Debug|x64
		{92B5BE70-DCAA-40E4-92D8-CC2B95AA28BE}.Debug|x86.ActiveCfg = Debug|Win32
		{92B5BE70-DCAA-40E4-92D8-CC2B95AA28BE}.Debug|x86.Build.0 = Debug|Win32
		{92B5BE70-DCAA-40E4-92D8-CC2B95AA28BE}.MinSizeRel|x64.ActiveCfg = Debug_ANGLE|x64
		{92B5BE70-DCAA-40E4-92D8-CC2B95AA28BE}.MinSizeRel|x64.Build.0 = Debug_ANGLE|x64
		{92B5BE70-DCAA-40E4-92D8-CC2B95AA28BE}.MinSizeRel|x86.ActiveCfg = Debug_ANGLE|Win32
		{92B5BE70-DCAA-40E4-92D8-CC2B95AA28BE}.MinSizeRel|x86.Build.0 = Debug_ANGLE|Win32
		{92B5BE70-DCAA-40E4-92D8-CC2B95AA28BE}.Release_ANGLE|x64.ActiveCfg = Release_ANGLE|x64
		{92B5BE70-DCAA-40E4-92D8-CC2B95AA28BE}.Release_ANGLE|x64.Build.0 = Release_ANGLE|x64
		{92B5BE70-DCAA-40E4-92D8-CC2B95AA28BE}.Release_ANGLE|x86.ActiveCfg = Release_ANGLE|Win32
		{92B5BE70-DCAA-40E4-92D8-CC2B95AA28BE}.Release_ANGLE|x86.Build.0 = Release_ANGLE|Win32
		{92B5BE70-DCAA-40E4-92D8-CC2B95AA28BE}.Release|x64.ActiveCfg = Release|x64
		{92B5BE70-DCAA-40E4-92D8-CC2B95AA28BE}.Release|x64.Build.0 = Release|x64
		{92B5BE70-DCAA-40E4-92D8-CC2B95AA28BE}.Release|x86.ActiveCfg = Release|Win32
		{92B5BE70-DCAA-40E4-92D8-CC2B95AA28BE}.Release|x86.Build.0 = Release|Win32
		{92B5BE70-DCAA-40E4-92D8-CC2B95AA28BE}.RelWithDebInfo|x64.ActiveCfg = Release|x64
		{92B5BE70-DCAA-40E4-92D8-CC2B95AA28BE}.RelWithDebInfo|x64.Build.0 = Release|x64
		{92B5BE70-DCAA-40E4-92D8-CC2B95AA28BE}.RelWithDebInfo|x86.ActiveCfg = Release|Win32
		{92B5BE70-DCAA-40E4-92D8-CC2B95AA28BE}.RelWithDebInfo|x86.Build.0 = Release|Win32
		{5EDBA147-3D62-3C2E-AD51-F0C488433061}.Debug_ANGLE|x64.ActiveCfg = Debug|x64
		{5EDBA147-3D62-3C2E-AD51-F0C488433061}.Debug_ANGLE|x64.Build.0 = Debug|x64
		{5EDBA147-3D62-3C2E-AD51-F0C488433061}.Debug_ANGLE|x86.ActiveCfg = MinSizeRel|x64
		{5EDBA147-3D62-3C2E-AD51-F0C488433061}.Debug_ANGLE|x86.Build.0 = MinSizeRel|x64
		{5EDBA147-3D62-3C2E-AD51-F0C488433061}.Debug|x64.ActiveCfg = Debug|x64
		{5EDBA147-3D62-3C2E-AD51-F0C488433061}.Debug|x64.Build.0 = Debug|x64
		{5EDBA147-3D62-3C2E-AD51-F0C488433061}.Debug|x86.ActiveCfg = Debug|x64
		{5EDBA147-3D62-3C2E-AD51-F0C488433061}.MinSizeRel|x64.ActiveCfg = MinSizeRel|x64
		{5EDBA147-3D62-3C2E-AD51-F0C488433061}.MinSizeRel|x64.Build.0 = MinSizeRel|x64
		{5EDBA147-3D62-3C2E-AD51-F0C488433061}.MinSizeRel|x86.ActiveCfg = MinSizeRel|x64
		{5EDBA147-3D62-3C2E-AD51-F0C488433061}.Release_ANGLE|x64.ActiveCfg = Release|x64
		{5EDBA147-3D62-3C2E-AD51-F0C488433061}.Release_ANGLE|x64.Build.0 = Release|x64
		{5EDBA147-3D62-3C2E-AD51-F0C488433061}.Release_ANGLE|x86.ActiveCfg = MinSizeRel|x64
		{5EDBA147-3D62-3C2E-AD51-F0C488433061}.Release_ANGLE|x86.Build.0 = MinSizeRel|x64
		{5EDBA147-3D62-3C2E-AD51-F0C488433061}.Release|x64.ActiveCfg = Release|x64
		{5EDBA147-3D62-3C2E-AD51-F0C488433061}.Release|x64.Build.0 = Release|x64
		{5EDBA147-3D62-3C2E-AD51-F0C488433061}.Release|x86.ActiveCfg = Release|x64
		{5EDBA147-3D62-3C2E-AD51-F0C488433061}.RelWithDebInfo|x64.ActiveCfg = RelWithDebInfo|x64
		{5EDBA147-3D62-3C2E-AD51-F0C488433061}.RelWithDebInfo|x64.Build.0 = RelWithDebInfo|x64
		{5EDBA147-3D62-3C2E-AD51-F0C488433061}.RelWithDebInfo|x86.ActiveCfg = RelWithDebInfo|x64
		{C2BDD5CC-9F6D-331A-9DBA-8A67CA2E3A3C}.Debug_ANGLE|x64.ActiveCfg = Debug|x64
		{C2BDD5CC-9F6D-331A-9DBA-8A67CA2E3A3C}.Debug_ANGLE|x64.Build.0 = Debug|x64
		{C2BDD5CC-9F6D-331A-9DBA-8A67CA2E3A3C}.Debug_ANGLE|x86.ActiveCfg = MinSizeRel|x64
		{C2BDD5CC-9F6D-331A-9DBA-8A67CA2E3A3C}.Debug_ANGLE|x86.Build.0 = MinSizeRel|x64
		{C2BDD5CC-9F6D-331A-9DBA-8A67CA2E3A3C}.Debug|x64.ActiveCfg = Debug|x64
		{C2BDD5CC-9F6D-331A-9DBA-8A67CA2E3A3C}.Debug|x64.Build.0 = Debug|x64
		{C2BDD5CC-9F6D-331A-9DBA-8A67CA2E3A3C}.Debug|x86.ActiveCfg = Debug|x64
		{C2BDD5CC-9F6D-331A-9DBA-8A67CA2E3A3C}.MinSizeRel|x64.ActiveCfg = MinSizeRel|x64
		{C2BDD5CC-9F6D-331A-9DBA-8A67CA2E3A3C}.MinSizeRel|x64.Build.0 = MinSizeRel|x64
		{C2BDD5CC-9F6D-331A-9DBA-8A67CA2E3A3C}.MinSizeRel|x86.ActiveCfg = MinSizeRel|x64
		{C2BDD5CC-9F6D-331A-9DBA-8A67CA2E3A3C}.Release_ANGLE|x64.ActiveCfg = Release|x64
		{C2BDD5CC-9F6D-331A-9DBA-8A67CA2E3A3C}.Release_ANGLE|x64.Build.0 = Release|x64
		{C2BDD5CC-9F6D-331A-9DBA-8A67CA2E3A3C}.Release_ANGLE|x86.ActiveCfg = MinSizeRel|x64
		{C2BDD5CC-9F6D-331A-9DBA-8A67CA2E3A3C}.Release_ANGLE|x86.Build.0 = MinSizeRel|x64
		{C2BDD5CC-9F6D-331A-9DBA-8A67CA2E3A3C}.Release|x64.ActiveCfg = Release|x64
		{C2BDD5CC-9F6D-331A-9DBA-8A67CA2E3A3C}.Release|x64.Build.0 = Release|x64
		{C2BDD5CC-9F6D-331A-9DBA-8A67CA2E3A3C}.Release|x86.ActiveCfg = Release|x64
		{C2BDD5CC-9F6D-331A-9DBA-8A67CA2E3A3C}.RelWithDebInfo|x64.ActiveCfg = RelWithDebInfo|x64
		{C2BDD5CC-9F6D-331A-9DBA-8A67CA2E3A3C}.RelWithDebInfo|x64.Build.0 = RelWithDebInfo|x64
		{C2BDD5CC-9F6D-331A-9DBA-8A67CA2E3A3C}.RelWithDebInfo|x86.ActiveCfg = RelWithDebInfo|x64
		{EFBF6F10-FABF-3765-AFC4-77079E0715B7}.Debug_ANGLE|x64.ActiveCfg = Debug|x64
		{EFBF6F10-FABF-3765-AFC4-77079E0715B7}.Debug_ANGLE|x64.Build.0 = Debug|x64
		{EFBF6F10-FABF-3765-AFC4-77079E0715B7}.Debug_ANGLE|x86.ActiveCfg = MinSizeRel|x64
		{EFBF6F10-FABF-3765-AFC4-77079E0715B7}.Debug_ANGLE|x86.Build.0 = MinSizeRel|x64
		{EFBF6F10-FABF-3765-AFC4-77079E0715B7}.Debug|x64.ActiveCfg = Debug|x64
		{EFBF6F10-FABF-3765-AFC4-77079E0715B7}.Debug|x64.Build.0 = Debug|x64
		{EFBF6F10-FABF-3765-AFC4-77079E0715B7}.Debug|x86.ActiveCfg = Debug|x64
		{EFBF6F10-FABF-3765-AFC4-77079E0715B7}.MinSizeRel|x64.ActiveCfg = MinSizeRel|x64
		{EFBF6F10-FABF-3765-AFC4-77079E0715B7}.MinSizeRel|x64.Build.0 = MinSizeRel|x64
		{EFBF6F10-FABF-3765-AFC4-77079E0715B7}.MinSizeRel|x86.ActiveCfg = MinSizeRel|x64
		{EFBF6F10-FABF-3765-AFC4-77079E0715B7}.Release_ANGLE|x64.ActiveCfg = Release|x64
		{EFBF6F10-FABF-3765-AFC4-77079E0715B7}.Release_ANGLE|x64.Build.0 = Release|x64
		{EFBF6F10-FABF-3765-AFC4-77079E0715B7}.Release_ANGLE|x86.ActiveCfg = MinSizeRel|x64
		{EFBF6F10-FABF-3765-AFC4-77079E0715B7}.Release_ANGLE|x86.Build.0 = MinSizeRel|x64
		{EFBF6F10-FABF-3765-AFC4-77079E0715B7}.Release|x64.ActiveCfg = Release|x64
		{EFBF6F10-FABF-3765-AFC4-77079E0715B7}.Release|x64.Build.0 = Release|x64
		{EFBF6F10-FABF-3765-AFC4-77079E0715B7}.Release|x86.ActiveCfg = Release|x64
		{EFBF6F10-FABF-3765-AFC4-77079E0715B7}.RelWithDebInfo|x64.ActiveCfg = RelWithDebInfo|x64
		{EFBF6F10-FABF-3765-AFC4-77079E0715B7}.RelWithDebInfo|x64.Build.0 = RelWithDebInfo|x64
		{EFBF6F10-FABF-3765-AFC4-77079E0715B7}.RelWithDebInfo|x86.ActiveCfg = RelWithDebInfo|x64
		{3129A2A8-9FE8-30EC-B1EB-7BB32B1DBB3C}.Debug_ANGLE|x64.ActiveCfg = Debug|x64
		{3129A2A8-9FE8-30EC-B1EB-7BB32B1DBB3C}.Debug_ANGLE|x64.Build.0 = Debug|x64
		{3129A2A8-9FE8-30EC-B1EB-7BB32B1DBB3C}.Debug_ANGLE|x86.ActiveCfg = MinSizeRel|x64
		{3129A2A8-9FE8-30EC-B1EB-7BB32B1DBB3C}.Debug_ANGLE|x86.Build.0 = MinSizeRel|x64
		{3129A2A8-9FE8-30EC-B1EB-7BB32B1DBB3C}.Debug|x64.ActiveCfg = Debug|x64
		{3129A2A8-9FE8-30EC-B1EB-7BB32B1DBB3C}.Debug|x64.Build.0 = Debug|x64
		{3129A2A8-9FE8-30EC-B1EB-7BB32B1DBB3C}.Debug|x86.ActiveCfg = Debug|x64
		{3129A2A8-9FE8-30EC-B1EB-7BB32B1DBB3C}.MinSizeRel|x64.ActiveCfg = MinSizeRel|x64
		{3129A2A8-9FE8-30EC-B1EB-7BB32B1DBB3C}.MinSizeRel|x64.Build.0 = MinSizeRel|x64
		{3129A2A8-9FE8-30EC-B1EB-7BB32B1DBB3C}.MinSizeRel|x86.ActiveCfg = MinSizeRel|x64
		{3129A2A8-9FE8-30EC-B1EB-7BB32B1DBB3C}.Release_ANGLE|x64.ActiveCfg = Release|x64
		{3129A2A8-9FE8-30EC-B1EB-7BB32B1DBB3C}.Release_ANGLE|x64.Build.0 = Release|x64
		{3129A2A8-9FE8-30EC-B1EB-7BB32B1DBB3C}.Release_ANGLE|x86.ActiveCfg = MinSizeRel|x64
		{3129A2A8-9FE8-30EC-B1EB-7BB32B1DBB3C}.Release_ANGLE|x86.Build.0 = MinSizeRel|x64
		{3129A2A8-9FE8-30EC-B1EB-7BB32B1DBB3C}.Release|x64.ActiveCfg = Release|x64
		{3129A2A8-9FE8-30EC-B1EB-7BB32B1DBB3C}.Release|x64.Build.0 = Release|x64
		{3129A2A8-9FE8-30EC-B1EB-7BB32B1DBB3C}.Release|x86.ActiveCfg = Release|x64
		{3129A2A8-9FE8-30EC-B1EB-7BB32B1DBB3C}.RelWithDebInfo|x64.ActiveCfg = RelWithDebInfo|x64
		{3129A2A8-9FE8-30EC-B1EB-7BB32B1DBB3C}.RelWithDebInfo|x64.Build.0 = RelWithDebInfo|x64
		{3129A2A8-9FE8-30EC-B1EB-7BB32B1DBB3C}.RelWithDebInfo|x86.ActiveCfg = RelWithDebInfo|x64
		{E3BFC625-B09D-35FC-AB11-9A3FA9886BE7}.Debug_ANGLE|x64.ActiveCfg = Debug|x64
		{E3BFC625-B09D-35FC-AB11-9A3FA9886BE7}.Debug_ANGLE|x64.Build.0 = Debug|x64
		{E3BFC625-B09D-35FC-AB11-9A3FA9886BE7}.Debug_ANGLE|x86.ActiveCfg = MinSizeRel|x64
		{E3BFC625-B09D-35FC-AB11-9A3FA9886BE7}.Debug_ANGLE|x86.Build.0 = MinSizeRel|x64
		{E3BFC625-B09D-35FC-AB11-9A3FA9886BE7}.Debug|x64.ActiveCfg = Debug|x64
		{E3BFC625-B09D-35FC-AB11-9A3FA9886BE7}.Debug|x64.Build.0 = Debug|x64
		{E3BFC625-B09D-35FC-AB11-9A3FA9886BE7}.Debug|x86.ActiveCfg = Debug|x64
		{E3BFC625-B09D-35FC-AB11-9A3FA9886BE7}.MinSizeRel|x64.ActiveCfg = MinSizeRel|x64
		{E3BFC625-B09D-35FC-AB11-9A3FA9886BE7}.MinSizeRel|x64.Build.0 = MinSizeRel|x64
		{E3BFC625-B09D-35FC-AB11-9A3FA9886BE7}.MinSizeRel|x86.ActiveCfg = MinSizeRel|x64
		{E3BFC625-B09D-35FC-AB11-9A3FA9886BE7}.Release_ANGLE|x64.ActiveCfg = Release|x64
		{E3BFC625-B09D-35FC-AB11-9A3FA9886BE7}.Release_ANGLE|x64.Build.0 = Release|x64
		{E3BFC625-B09D-35FC-AB11-9A3FA9886BE7}.Release_ANGLE|x86.ActiveCfg = MinSizeRel|x64
		{E3BFC625-B09D-35FC-AB11-9A3FA9886BE7}.Release_ANGLE|x86.Build.0 = MinSizeRel|x64
		{E3BFC625-B09D-35FC-AB11-9A3FA9886BE7}.Release|x64.ActiveCfg = Release|x64
		{E3BFC625-B09D-35FC-AB11-9A3FA9886BE7}.Release|x64.Build.0 = Release|x64
		{E3BFC625-B09D-35FC-AB11-9A3FA9886BE7}.Release|x86.ActiveCfg = Release|x64
		{E3BFC625-B09D-35FC-AB11-9A3FA9886BE7}.RelWithDebInfo|x64.ActiveCfg = RelWithDebInfo|x64
		{E3BFC625-B09D-35FC-AB11-9A3FA9886BE7}.RelWithDebInfo|x64.Build.0 = RelWithDebInfo|x64
		{E3BFC625-B09D-35FC-AB11-9A3FA9886BE7}.RelWithDebInfo|x86.ActiveCfg = RelWithDebInfo|x64
		{A4DB3176-CA15-364E-9773-DF9D3EDA2656}.Debug_ANGLE|x64.ActiveCfg = Debug|x64
		{A4DB3176-CA15-364E-9773-DF9D3EDA2656}.Debug_ANGLE|x64.Build.0 = Debug|x64
		{A4DB3176-CA15-364E-9773-DF9D3EDA2656}.Debug_ANGLE|x86.ActiveCfg = MinSizeRel|x64
		{A4DB3176-CA15-364E-9773-DF9D3EDA2656}.Debug_ANGLE|x86.Build.0 = MinSizeRel|x64
		{A4DB3176-CA15-364E-9773-DF9D3EDA2656}.Debug|x64.ActiveCfg = Debug|x64
		{A4DB3176-CA15-364E-9773-DF9D3EDA2656}.Debug|x64.Build.0 = Debug|x64
		{A4DB3176-CA15-364E-9773-DF9D3EDA2656}.Debug|x86.ActiveCfg = Debug|x64
		{A4DB3176-CA15-364E-9773-DF9D3EDA2656}.MinSizeRel|x64.ActiveCfg = MinSizeRel|x64
		{A4DB3176-CA15-364E-9773-DF9D3EDA2656}.MinSizeRel|x64.Build.0 = MinSizeRel|x64
		{A4DB3176-CA15-364E-9773-DF9D3EDA2656}.MinSizeRel|x86.ActiveCfg = MinSizeRel|x64
		{A4DB3176-CA15-364E-9773-DF9D3EDA2656}.Release_ANGLE|x64.ActiveCfg = Release|x64
		{A4DB3176-CA15-364E-9773-DF9D3EDA2656}.Release_ANGLE|x64.Build.0 = Release|x64
		{A4DB3176-CA15-364E-9773-DF9D3EDA2656}.Release_ANGLE|x86.ActiveCfg = MinSizeRel|x64
		{A4DB3176-CA15-364E-9773-DF9D3EDA2656}.Release_ANGLE|x86.Build.0 = MinSizeRel|x64
		{A4DB3176-CA15-364E-9773-DF9D3EDA2656}.Release|x64.ActiveCfg = Release|x64
		{A4DB3176-CA15-364E-9773-DF9D3EDA2656}.Release|x64.Build.0 = Release|x64
		{A4DB3176-CA15-364E-9773-DF9D3EDA2656}.Release|x86.ActiveCfg = Release|x64
		{A4DB3176-CA15-364E-9773-DF9D3EDA2656}.RelWithDebInfo|x64.ActiveCfg = RelWithDebInfo|x64
		{A4DB3176-CA15-364E-9773-DF9D3EDA2656}.RelWithDebInfo|x64.Build.0 = RelWithDebInfo|x64
		{A4DB3176-CA15-364E-9773-DF9D3EDA2656}.RelWithDebInfo|x86.ActiveCfg = RelWithDebInfo|x64
		{B4F0B1EA-3EEF-3217-A577-58161F0727D6}.Debug_ANGLE|x64.ActiveCfg = Debug|x64
		{B4F0B1EA-3EEF-3217-A577-58161F0727D6}.Debug_ANGLE|x64.Build.0 = Debug|x64
		{B4F0B1EA-3EEF-3217-A577-58161F0727D6}.Debug_ANGLE|x86.ActiveCfg = MinSizeRel|x64
		{B4F0B1EA-3EEF-3217-A577-58161F0727D6}.Debug_ANGLE|x86.Build.0 = MinSizeRel|x64
		{B4F0B1EA-3EEF-3217-A577-58161F0727D6}.Debug|x64.ActiveCfg = Debug|x64
		{B4F0B1EA-3EEF-3217-A577-58161F0727D6}.Debug|x64.Build.0 = Debug|x64
		{B4F0B1EA-3EEF-3217-A577-58161F0727D6}.Debug|x86.ActiveCfg = Debug|x64
		{B4F0B1EA-3EEF-3217-A577-58161F0727D6}.MinSizeRel|x64.ActiveCfg = MinSizeRel|x64
		{B4F0B1EA-3EEF-3217-A577-58161F0727D6}.MinSizeRel|x64.Build.0 = MinSizeRel|x64
		{B4F0B1EA-3EEF-3217-A577-58161F0727D6}.MinSizeRel|x86.ActiveCfg = MinSizeRel|x64
		{B4F0B1EA-3EEF-3217-A577-58161F0727D6}.Release_ANGLE|x64.ActiveCfg = Release|x64
		{B4F0B1EA-3EEF-3217-A577-58161F0727D6}.Release_ANGLE|x64.Build.0 = Release|x64
		{B4F0B1EA-3EEF-3217-A577-58161F0727D6}.Release_ANGLE|x86.ActiveCfg = MinSizeRel|x64
		{B4F0B1EA-3EEF-3217-A577-58161F0727D6}.Release_ANGLE|x86.Build.0 = MinSizeRel|x64
		{B4F0B1EA-3EEF-3217-A577-58161F0727D6}.Release|x64.ActiveCfg = Release|x64
		{B4F0B1EA-3EEF-3217-A577-58161F0727D6}.Release|x64.Build.0 = Release|x64
		{B4F0B1EA-3EEF-3217-A577-58161F0727D6}.Release|x86.ActiveCfg = Release|x64
		{B4F0B1EA-3EEF-3217-A577-58161F0727D6}.RelWithDebInfo|x64.ActiveCfg = RelWithDebInfo|x64
		{B4F0B1EA-3EEF-3217-A577-58161F0727D6}.RelWithDebInfo|x64.Build.0 = RelWithDebInfo|x64
		{B4F0B1EA-3EEF-3217-A577-58161F0727D6}.RelWithDebInfo|x86.ActiveCfg = RelWithDebInfo|x64
		{6E58CF87-AF9F-3913-8722-01F687E5CA53}.Debug_ANGLE|x64.ActiveCfg = Debug|x64
		{6E58CF87-AF9F-3913-8722-01F687E5CA53}.Debug_ANGLE|x64.Build.0 = Debug|x64
		{6E58CF87-AF9F-3913-8722-01F687E5CA53}.Debug_ANGLE|x86.ActiveCfg = MinSizeRel|x64
		{6E58CF87-AF9F-3913-8722-01F687E5CA53}.Debug_ANGLE|x86.Build.0 = MinSizeRel|x64
		{6E58CF87-AF9F-3913-8722-01F687E5CA53}.Debug|x64.ActiveCfg = Debug|x64
		{6E58CF87-AF9F-3913-8722-01F687E5CA53}.Debug|x64.Build.0 = Debug|x64
		{6E58CF87-AF9F-3913-8722-01F687E5CA53}.Debug|x86.ActiveCfg = Debug|x64
		{6E58CF87-AF9F-3913-8722-01F687E5CA53}.MinSizeRel|x64.ActiveCfg = MinSizeRel|x64
		{6E58CF87-AF9F-3913-8722-01F687E5CA53}.MinSizeRel|x64.Build.0 = MinSizeRel|x64
		{6E58CF87-AF9F-3913-8722-01F687E5CA53}.MinSizeRel|x86.ActiveCfg = MinSizeRel|x64
		{6E58CF87-AF9F-3913-8722-01F687E5CA53}.Release_ANGLE|x64.ActiveCfg = Release|x64
		{6E58CF87-AF9F-3913-8722-01F687E5CA53}.Release_ANGLE|x64.Build.0 = Release|x64
		{6E58CF87-AF9F-3913-8722-01F687E5CA53}.Release_ANGLE|x86.ActiveCfg = MinSizeRel|x64
		{6E58CF87-AF9F-3913-8722-01F687E5CA53}.Release_ANGLE|x86.Build.0 = MinSizeRel|x64
		{6E58CF87-AF9F-3913-8722-01F687E5CA53}.Release|x64.ActiveCfg = Release|x64
		{6E58CF87-AF9F-3913-8722-01F687E5CA53}.Release|x64.Build.0 = Release|x64
		{6E58CF87-AF9F-3913-8722-01F687E5CA53}.Release|x86.ActiveCfg = Release|x64
		{6E58CF87-AF9F-3913-8722-01F687E5CA53}.RelWithDebInfo|x64.ActiveCfg = RelWithDebInfo|x64
		{6E58CF87-AF9F-3913-8722-01F687E5CA53}.RelWithDebInfo|x64.Build.0 = RelWithDebInfo|x64
		{6E58CF87-AF9F-3913-8722-01F687E5CA53}.RelWithDebInfo|x86.ActiveCfg = RelWithDebInfo|x64
		{D713EBF9-4855-3C53-9454-4F9E90190520}.Debug_ANGLE|x64.ActiveCfg = Debug|x64
		{D713EBF9-4855-3C53-9454-4F9E90190520}.Debug_ANGLE|x64.Build.0 = Debug|x64
		{D713EBF9-4855-3C53-9454-4F9E90190520}.Debug_ANGLE|x86.ActiveCfg = MinSizeRel|x64
		{D713EBF9-4855-3C53-9454-4F9E90190520}.Debug_ANGLE|x86.Build.0 = MinSizeRel|x64
		{D713EBF9-4855-3C53-9454-4F9E90190520}.Debug|x64.ActiveCfg = Debug|x64
		{D713EBF9-4855-3C53-9454-4F9E90190520}.Debug|x64.Build.0 = Debug|x64
		{D713EBF9-4855-3C53-9454-4F9E90190520}.Debug|x86.ActiveCfg = Debug|x64
		{D713EBF9-4855-3C53-9454-4F9E90190520}.MinSizeRel|x64.ActiveCfg = MinSizeRel|x64
		{D713EBF9-4855-3C53-9454-4F9E90190520}.MinSizeRel|x64.Build.0 = MinSizeRel|x64
		{D713EBF9-4855-3C53-9454-4F9E90190520}.MinSizeRel|x86.ActiveCfg = MinSizeRel|x64
		{D713EBF9-4855-3C53-9454-4F9E90190520}.Release_ANGLE|x64.ActiveCfg = Release|x64
		{D713EBF9-4855-3C53-9454-4F9E90190520}.Release_ANGLE|x64.Build.0 = Release|x64
		{D713EBF9-4855-3C53-9454-4F9E90190520}.Release_ANGLE|x86.ActiveCfg = MinSizeRel|x64
		{D713EBF9-4855-3C53-9454-4F9E90190520}.Release_ANGLE|x86.Build.0 = MinSizeRel|x64
		{D713EBF9-4855-3C53-9454-4F9E90190520}.Release|x64.ActiveCfg = Release|x64
		{D713EBF9-4855-3C53-9454-4F9E90190520}.Release|x64.Build.0 = Release|x64
		{D713EBF9-4855-3C53-9454-4F9E90190520}.Release|x86.ActiveCfg = Release|x64
		{D713EBF9-4855-3C53-9454-4F9E90190520}.RelWithDebInfo|x64.ActiveCfg = RelWithDebInfo|x64
		{D713EBF9-4855-3C53-9454-4F9E90190520}.RelWithDebInfo|x64.Build.0 = RelWithDebInfo|x64
		{D713EBF9-4855-3C53-9454-4F9E90190520}.RelWithDebInfo|x86.ActiveCfg = RelWithDebInfo|x64
	EndGlobalSection
	GlobalSection(SolutionProperties) = preSolution
		HideSolutionNode = FALSE
	EndGlobalSection
EndGlobal
